
Microsoft Visual Studio Solution File, Format Version 12.00
# Visual Studio Version 16
VisualStudioVersion = 16.0.31205.134
MinimumVisualStudioVersion = 10.0.40219.1
Project("{8BC9CEB8-8B4A-11D0-8D11-00A0C91BC942}") = "PoliCalc", "PoliCalc\PoliCalc.vcxproj", "{74ACD0F4-CEC7-4675-B2E7-110DDF3EB050}"
EndProject
Global
	GlobalSection(SolutionConfigurationPlatforms) = preSolution
		Debug|x64 = Debug|x64
		Debug|x86 = Debug|x86
		Release|x64 = Release|x64
		Release|x86 = Release|x86
	EndGlobalSection
	GlobalSection(ProjectConfigurationPlatforms) = postSolution
		{74ACD0F4-CEC7-4675-B2E7-110DDF3EB050}.Debug|x64.ActiveCfg = Debug|x64
		{74ACD0F4-CEC7-4675-B2E7-110DDF3EB050}.Debug|x64.Build.0 = Debug|x64
		{74ACD0F4-CEC7-4675-B2E7-110DDF3EB050}.Debug|x86.ActiveCfg = Debug|Win32
		{74ACD0F4-CEC7-4675-B2E7-110DDF3EB050}.Debug|x86.Build.0 = Debug|Win32
		{74ACD0F4-CEC7-4675-B2E7-110DDF3EB050}.Release|x64.ActiveCfg = Release|x64
		{74ACD0F4-CEC7-4675-B2E7-110DDF3EB050}.Release|x64.Build.0 = Release|x64
		{74ACD0F4-CEC7-4675-B2E7-110DDF3EB050}.Release|x86.ActiveCfg = Release|Win32
		{74ACD0F4-CEC7-4675-B2E7-110DDF3EB050}.Release|x86.Build.0 = Release|Win32
	EndGlobalSection
	GlobalSection(SolutionProperties) = preSolution
		HideSolutionNode = FALSE
	EndGlobalSection
	GlobalSection(ExtensibilityGlobals) = postSolution
		SolutionGuid = {C278E6D5-C531-46F9-B593-4C7151D65E08}
	EndGlobalSection
EndGlobal
